{
  "object": {
    "pins": [
      {
        "package": "SATSType",
        "repositoryURL": "git@github.com:healthfitnessnordic/SATSType-iOS.git",
        "state": {
          "branch": null,
          "revision": "7226330dc2c014d49e9b126fc67e8ddc0b0b62e9",
          "version": "0.0.2"
        }
      }
    ]
  },
  "version": 1
}
