// !$*UTF8*$!
{
	archiveVersion = 1;
	classes = {
	};
	objectVersion = 52;
	objects = {

/* Begin PBXBuildFile section */
		2865CF5A261EDB9A00D6433F /* RoundLoadingDemoView.swift in Sources */ = {isa = PBXBuildFile; fileRef = 2865CF59261EDB9A00D6433F /* RoundLoadingDemoView.swift */; };
		9B00E27325B9AE2600533641 /* SATSCore in Frameworks */ = {isa = PBXBuildFile; productRef = 9B00E27225B9AE2600533641 /* SATSCore */; };
		9B00E29725B9D12900533641 /* Demo.xcassets in Resources */ = {isa = PBXBuildFile; fileRef = 9B00E29625B9D12900533641 /* Demo.xcassets */; };
		9B2BFBDA25B719AD00383193 /* DemoAppApp.swift in Sources */ = {isa = PBXBuildFile; fileRef = 9B2BFBD925B719AD00383193 /* DemoAppApp.swift */; };
		9B2BFBDC25B719AD00383193 /* ContentView.swift in Sources */ = {isa = PBXBuildFile; fileRef = 9B2BFBDB25B719AD00383193 /* ContentView.swift */; };
		9B2BFBDE25B719AD00383193 /* Assets.xcassets in Resources */ = {isa = PBXBuildFile; fileRef = 9B2BFBDD25B719AD00383193 /* Assets.xcassets */; };
		9B2BFBE125B719AD00383193 /* Preview Assets.xcassets in Resources */ = {isa = PBXBuildFile; fileRef = 9B2BFBE025B719AD00383193 /* Preview Assets.xcassets */; };
		9B2E8065266649E4000A657D /* ErrorDemoView.swift in Sources */ = {isa = PBXBuildFile; fileRef = 9B2E8064266649E4000A657D /* ErrorDemoView.swift */; };
		9B4083BD261DE66D00A3A718 /* TopBarDemoView.swift in Sources */ = {isa = PBXBuildFile; fileRef = 9B4083B8261DE66D00A3A718 /* TopBarDemoView.swift */; };
		9B4083BE261DE66D00A3A718 /* ExternalUrlDemoView.swift in Sources */ = {isa = PBXBuildFile; fileRef = 9B4083BA261DE66D00A3A718 /* ExternalUrlDemoView.swift */; };
		9B4083BF261DE66D00A3A718 /* ArticlePageViewDemo.swift in Sources */ = {isa = PBXBuildFile; fileRef = 9B4083BC261DE66D00A3A718 /* ArticlePageViewDemo.swift */; };
		9B75EC45264B1D5300B160EF /* EmptyStateDemoView.swift in Sources */ = {isa = PBXBuildFile; fileRef = 9B75EC44264B1D5300B160EF /* EmptyStateDemoView.swift */; };
		9B78777925D68D9A00C69BB8 /* FontWeightPicker.swift in Sources */ = {isa = PBXBuildFile; fileRef = 9B78777825D68D9A00C69BB8 /* FontWeightPicker.swift */; };
		9B7A4D5025D2ADA30086EA4F /* DemoDiscoverView.swift in Sources */ = {isa = PBXBuildFile; fileRef = 9B7A4D4B25D2ADA30086EA4F /* DemoDiscoverView.swift */; };
		9B7A4D5225D2ADA30086EA4F /* SampleTopStoriesView.swift in Sources */ = {isa = PBXBuildFile; fileRef = 9B7A4D4E25D2ADA30086EA4F /* SampleTopStoriesView.swift */; };
		9B7A4D5325D2ADA30086EA4F /* ClassSampleView.swift in Sources */ = {isa = PBXBuildFile; fileRef = 9B7A4D4F25D2ADA30086EA4F /* ClassSampleView.swift */; };
		9B7A4D5725D2B03D0086EA4F /* HeaderView.swift in Sources */ = {isa = PBXBuildFile; fileRef = 9B7A4D5625D2B03D0086EA4F /* HeaderView.swift */; };
		9B7A4D5E25D2B42C0086EA4F /* UIKitDemoView.swift in Sources */ = {isa = PBXBuildFile; fileRef = 9B7A4D5D25D2B42C0086EA4F /* UIKitDemoView.swift */; };
		9B7A4D6125D2B9C30086EA4F /* TreatmentsDemoView.swift in Sources */ = {isa = PBXBuildFile; fileRef = 9B7A4D6025D2B9C30086EA4F /* TreatmentsDemoView.swift */; };
		9B7C575D25B875C500A3C9A7 /* SATSLabelDemoView.swift in Sources */ = {isa = PBXBuildFile; fileRef = 9B7C575C25B875C500A3C9A7 /* SATSLabelDemoView.swift */; };
		9B7C576125B876C400A3C9A7 /* DemoWrapperView.swift in Sources */ = {isa = PBXBuildFile; fileRef = 9B7C576025B876C400A3C9A7 /* DemoWrapperView.swift */; };
		9B86614725CD7AB40040F8CA /* ColorDemoView.swift in Sources */ = {isa = PBXBuildFile; fileRef = 9B86614625CD7AB40040F8CA /* ColorDemoView.swift */; };
		9B9D6D94261EF70500450E67 /* GradientDemoView.swift in Sources */ = {isa = PBXBuildFile; fileRef = 9B9D6D93261EF70500450E67 /* GradientDemoView.swift */; };
		9BA17B1026666D3600BDAA9C /* LoadingDemoView.swift in Sources */ = {isa = PBXBuildFile; fileRef = 9BA17B0F26666D3600BDAA9C /* LoadingDemoView.swift */; };
		9BB6E2AA25CC1B6A009A6CCD /* SwiftUIFontsDemoView.swift in Sources */ = {isa = PBXBuildFile; fileRef = 9BB6E2A925CC1B6A009A6CCD /* SwiftUIFontsDemoView.swift */; };
		9BCEE85A26035CB2001C8692 /* InlineNoticeDemoView.swift in Sources */ = {isa = PBXBuildFile; fileRef = 9BCEE85726035CB2001C8692 /* InlineNoticeDemoView.swift */; };
		9BCEE85B26035CB2001C8692 /* ProgressLineDemoView.swift in Sources */ = {isa = PBXBuildFile; fileRef = 9BCEE85926035CB2001C8692 /* ProgressLineDemoView.swift */; };
		9BFEDCC925CC1F780010A3F6 /* SATSButtonDemoView.swift in Sources */ = {isa = PBXBuildFile; fileRef = 9BFEDCC825CC1F780010A3F6 /* SATSButtonDemoView.swift */; };
/* End PBXBuildFile section */

/* Begin PBXFileReference section */
		2865CF59261EDB9A00D6433F /* RoundLoadingDemoView.swift */ = {isa = PBXFileReference; fileEncoding = 4; lastKnownFileType = sourcecode.swift; path = RoundLoadingDemoView.swift; sourceTree = "<group>"; };
		9B00E29625B9D12900533641 /* Demo.xcassets */ = {isa = PBXFileReference; lastKnownFileType = folder.assetcatalog; path = Demo.xcassets; sourceTree = "<group>"; };
		9B2BFBD625B719AD00383193 /* DemoApp.app */ = {isa = PBXFileReference; explicitFileType = wrapper.application; includeInIndex = 0; path = DemoApp.app; sourceTree = BUILT_PRODUCTS_DIR; };
		9B2BFBD925B719AD00383193 /* DemoAppApp.swift */ = {isa = PBXFileReference; lastKnownFileType = sourcecode.swift; path = DemoAppApp.swift; sourceTree = "<group>"; };
		9B2BFBDB25B719AD00383193 /* ContentView.swift */ = {isa = PBXFileReference; lastKnownFileType = sourcecode.swift; path = ContentView.swift; sourceTree = "<group>"; };
		9B2BFBDD25B719AD00383193 /* Assets.xcassets */ = {isa = PBXFileReference; lastKnownFileType = folder.assetcatalog; path = Assets.xcassets; sourceTree = "<group>"; };
		9B2BFBE025B719AD00383193 /* Preview Assets.xcassets */ = {isa = PBXFileReference; lastKnownFileType = folder.assetcatalog; path = "Preview Assets.xcassets"; sourceTree = "<group>"; };
		9B2BFBE225B719AD00383193 /* Info.plist */ = {isa = PBXFileReference; lastKnownFileType = text.plist.xml; path = Info.plist; sourceTree = "<group>"; };
		9B2BFBF125B71A2800383193 /* SatsCore */ = {isa = PBXFileReference; lastKnownFileType = folder; name = SatsCore; path = ..; sourceTree = "<group>"; };
		9B2E8064266649E4000A657D /* ErrorDemoView.swift */ = {isa = PBXFileReference; lastKnownFileType = sourcecode.swift; path = ErrorDemoView.swift; sourceTree = "<group>"; };
		9B4083B8261DE66D00A3A718 /* TopBarDemoView.swift */ = {isa = PBXFileReference; fileEncoding = 4; lastKnownFileType = sourcecode.swift; path = TopBarDemoView.swift; sourceTree = "<group>"; };
		9B4083BA261DE66D00A3A718 /* ExternalUrlDemoView.swift */ = {isa = PBXFileReference; fileEncoding = 4; lastKnownFileType = sourcecode.swift; path = ExternalUrlDemoView.swift; sourceTree = "<group>"; };
		9B4083BC261DE66D00A3A718 /* ArticlePageViewDemo.swift */ = {isa = PBXFileReference; fileEncoding = 4; lastKnownFileType = sourcecode.swift; path = ArticlePageViewDemo.swift; sourceTree = "<group>"; };
		9B75EC44264B1D5300B160EF /* EmptyStateDemoView.swift */ = {isa = PBXFileReference; lastKnownFileType = sourcecode.swift; path = EmptyStateDemoView.swift; sourceTree = "<group>"; };
		9B78777825D68D9A00C69BB8 /* FontWeightPicker.swift */ = {isa = PBXFileReference; fileEncoding = 4; lastKnownFileType = sourcecode.swift; path = FontWeightPicker.swift; sourceTree = "<group>"; };
		9B7A4D4B25D2ADA30086EA4F /* DemoDiscoverView.swift */ = {isa = PBXFileReference; fileEncoding = 4; lastKnownFileType = sourcecode.swift; path = DemoDiscoverView.swift; sourceTree = "<group>"; };
		9B7A4D4E25D2ADA30086EA4F /* SampleTopStoriesView.swift */ = {isa = PBXFileReference; fileEncoding = 4; lastKnownFileType = sourcecode.swift; path = SampleTopStoriesView.swift; sourceTree = "<group>"; };
		9B7A4D4F25D2ADA30086EA4F /* ClassSampleView.swift */ = {isa = PBXFileReference; fileEncoding = 4; lastKnownFileType = sourcecode.swift; path = ClassSampleView.swift; sourceTree = "<group>"; };
		9B7A4D5625D2B03D0086EA4F /* HeaderView.swift */ = {isa = PBXFileReference; lastKnownFileType = sourcecode.swift; path = HeaderView.swift; sourceTree = "<group>"; };
		9B7A4D5D25D2B42C0086EA4F /* UIKitDemoView.swift */ = {isa = PBXFileReference; lastKnownFileType = sourcecode.swift; path = UIKitDemoView.swift; sourceTree = "<group>"; };
		9B7A4D6025D2B9C30086EA4F /* TreatmentsDemoView.swift */ = {isa = PBXFileReference; lastKnownFileType = sourcecode.swift; path = TreatmentsDemoView.swift; sourceTree = "<group>"; };
		9B7C575C25B875C500A3C9A7 /* SATSLabelDemoView.swift */ = {isa = PBXFileReference; lastKnownFileType = sourcecode.swift; path = SATSLabelDemoView.swift; sourceTree = "<group>"; };
		9B7C576025B876C400A3C9A7 /* DemoWrapperView.swift */ = {isa = PBXFileReference; lastKnownFileType = sourcecode.swift; path = DemoWrapperView.swift; sourceTree = "<group>"; };
		9B86614625CD7AB40040F8CA /* ColorDemoView.swift */ = {isa = PBXFileReference; lastKnownFileType = sourcecode.swift; path = ColorDemoView.swift; sourceTree = "<group>"; };
		9B9D6D93261EF70500450E67 /* GradientDemoView.swift */ = {isa = PBXFileReference; lastKnownFileType = sourcecode.swift; path = GradientDemoView.swift; sourceTree = "<group>"; };
		9BA17B0F26666D3600BDAA9C /* LoadingDemoView.swift */ = {isa = PBXFileReference; lastKnownFileType = sourcecode.swift; path = LoadingDemoView.swift; sourceTree = "<group>"; };
		9BB6E2A925CC1B6A009A6CCD /* SwiftUIFontsDemoView.swift */ = {isa = PBXFileReference; lastKnownFileType = sourcecode.swift; path = SwiftUIFontsDemoView.swift; sourceTree = "<group>"; };
		9BCEE85726035CB2001C8692 /* InlineNoticeDemoView.swift */ = {isa = PBXFileReference; fileEncoding = 4; lastKnownFileType = sourcecode.swift; path = InlineNoticeDemoView.swift; sourceTree = "<group>"; };
		9BCEE85926035CB2001C8692 /* ProgressLineDemoView.swift */ = {isa = PBXFileReference; fileEncoding = 4; lastKnownFileType = sourcecode.swift; path = ProgressLineDemoView.swift; sourceTree = "<group>"; };
		9BFEDCC825CC1F780010A3F6 /* SATSButtonDemoView.swift */ = {isa = PBXFileReference; lastKnownFileType = sourcecode.swift; path = SATSButtonDemoView.swift; sourceTree = "<group>"; };
/* End PBXFileReference section */

/* Begin PBXFrameworksBuildPhase section */
		9B2BFBD325B719AD00383193 /* Frameworks */ = {
			isa = PBXFrameworksBuildPhase;
			buildActionMask = 2147483647;
			files = (
				9B00E27325B9AE2600533641 /* SATSCore in Frameworks */,
			);
			runOnlyForDeploymentPostprocessing = 0;
		};
/* End PBXFrameworksBuildPhase section */

/* Begin PBXGroup section */
		2865CF58261EDB9A00D6433F /* RoundLoadingView */ = {
			isa = PBXGroup;
			children = (
				2865CF59261EDB9A00D6433F /* RoundLoadingDemoView.swift */,
			);
			path = RoundLoadingView;
			sourceTree = "<group>";
		};
		9B00E27525B9AE6200533641 /* Assets */ = {
			isa = PBXGroup;
			children = (
				9B2BFBDD25B719AD00383193 /* Assets.xcassets */,
				9B00E29625B9D12900533641 /* Demo.xcassets */,
				9B2BFBDF25B719AD00383193 /* Preview Content */,
			);
			path = Assets;
			sourceTree = "<group>";
		};
		9B00E27625B9AE7100533641 /* Views */ = {
			isa = PBXGroup;
			children = (
				9B2BFBDB25B719AD00383193 /* ContentView.swift */,
				9B2BFBFD25B7250B00383193 /* BasicComponents */,
				9BCEE85526035C83001C8692 /* Components */,
				9BB6E2A825CC1B59009A6CCD /* DNA */,
				9BB6E2AD25CC1CD9009A6CCD /* Internal */,
				9B7A4D4725D2A4E70086EA4F /* SwiftUI Demo */,
				9B7A4D5C25D2B3F80086EA4F /* UIKit Demo */,
			);
			path = Views;
			sourceTree = "<group>";
		};
		9B00E27725B9AE9200533641 /* App */ = {
			isa = PBXGroup;
			children = (
				9B2BFBE225B719AD00383193 /* Info.plist */,
				9B2BFBD925B719AD00383193 /* DemoAppApp.swift */,
			);
			path = App;
			sourceTree = "<group>";
		};
		9B2BFBCD25B719AC00383193 = {
			isa = PBXGroup;
			children = (
				9B2BFBF125B71A2800383193 /* SatsCore */,
				9B2BFBD825B719AD00383193 /* DemoApp */,
				9B2BFBD725B719AD00383193 /* Products */,
				9B2BFBF325B71A3800383193 /* Frameworks */,
			);
			sourceTree = "<group>";
		};
		9B2BFBD725B719AD00383193 /* Products */ = {
			isa = PBXGroup;
			children = (
				9B2BFBD625B719AD00383193 /* DemoApp.app */,
			);
			name = Products;
			sourceTree = "<group>";
		};
		9B2BFBD825B719AD00383193 /* DemoApp */ = {
			isa = PBXGroup;
			children = (
				9B00E27725B9AE9200533641 /* App */,
				9B00E27525B9AE6200533641 /* Assets */,
				9B00E27625B9AE7100533641 /* Views */,
				9B7C575F25B876B900A3C9A7 /* Utils */,
			);
			path = DemoApp;
			sourceTree = "<group>";
		};
		9B2BFBDF25B719AD00383193 /* Preview Content */ = {
			isa = PBXGroup;
			children = (
				9B2BFBE025B719AD00383193 /* Preview Assets.xcassets */,
			);
			path = "Preview Content";
			sourceTree = "<group>";
		};
		9B2BFBF325B71A3800383193 /* Frameworks */ = {
			isa = PBXGroup;
			children = (
			);
			name = Frameworks;
			sourceTree = "<group>";
		};
		9B2BFBFD25B7250B00383193 /* BasicComponents */ = {
			isa = PBXGroup;
			children = (
				9B7C575C25B875C500A3C9A7 /* SATSLabelDemoView.swift */,
				9BFEDCC825CC1F780010A3F6 /* SATSButtonDemoView.swift */,
				9B57209026738EE200D12109 /* SATSButtonSwftUIDemoView.swift */,
			);
			path = BasicComponents;
			sourceTree = "<group>";
		};
		9B2E8063266649D8000A657D /* ErrorView */ = {
			isa = PBXGroup;
			children = (
				9B2E8064266649E4000A657D /* ErrorDemoView.swift */,
			);
			path = ErrorView;
			sourceTree = "<group>";
		};
		9B4083B7261DE66D00A3A718 /* TopBarView */ = {
			isa = PBXGroup;
			children = (
				9B4083B8261DE66D00A3A718 /* TopBarDemoView.swift */,
			);
			path = TopBarView;
			sourceTree = "<group>";
		};
		9B4083B9261DE66D00A3A718 /* ExternalUrlView */ = {
			isa = PBXGroup;
			children = (
				9B4083BA261DE66D00A3A718 /* ExternalUrlDemoView.swift */,
			);
			path = ExternalUrlView;
			sourceTree = "<group>";
		};
		9B4083BB261DE66D00A3A718 /* ArticlePageView */ = {
			isa = PBXGroup;
			children = (
				9B4083BC261DE66D00A3A718 /* ArticlePageViewDemo.swift */,
			);
			path = ArticlePageView;
			sourceTree = "<group>";
		};
		9B75EC43264B1D3C00B160EF /* EmptyStateView */ = {
			isa = PBXGroup;
			children = (
				9B75EC44264B1D5300B160EF /* EmptyStateDemoView.swift */,
			);
			path = EmptyStateView;
			sourceTree = "<group>";
		};
		9B7A4D4725D2A4E70086EA4F /* SwiftUI Demo */ = {
			isa = PBXGroup;
			children = (
				9B7A4D4B25D2ADA30086EA4F /* DemoDiscoverView.swift */,
				9B7A4D4C25D2ADA30086EA4F /* Subviews */,
			);
			path = "SwiftUI Demo";
			sourceTree = "<group>";
		};
		9B7A4D4C25D2ADA30086EA4F /* Subviews */ = {
			isa = PBXGroup;
			children = (
				9B7A4D4E25D2ADA30086EA4F /* SampleTopStoriesView.swift */,
				9B7A4D4F25D2ADA30086EA4F /* ClassSampleView.swift */,
				9B7A4D5625D2B03D0086EA4F /* HeaderView.swift */,
			);
			path = Subviews;
			sourceTree = "<group>";
		};
		9B7A4D5C25D2B3F80086EA4F /* UIKit Demo */ = {
			isa = PBXGroup;
			children = (
				9B7A4D5D25D2B42C0086EA4F /* UIKitDemoView.swift */,
				9B7A4D6025D2B9C30086EA4F /* TreatmentsDemoView.swift */,
			);
			path = "UIKit Demo";
			sourceTree = "<group>";
		};
		9B7C575F25B876B900A3C9A7 /* Utils */ = {
			isa = PBXGroup;
			children = (
				9B7C576025B876C400A3C9A7 /* DemoWrapperView.swift */,
			);
			path = Utils;
			sourceTree = "<group>";
		};
		9B9D6D91261EF6E300450E67 /* GradientView */ = {
			isa = PBXGroup;
			children = (
				9B9D6D93261EF70500450E67 /* GradientDemoView.swift */,
			);
			path = GradientView;
			sourceTree = "<group>";
		};
		9BA17B0E26666D2700BDAA9C /* LoadingView */ = {
			isa = PBXGroup;
			children = (
				9BA17B0F26666D3600BDAA9C /* LoadingDemoView.swift */,
			);
			path = LoadingView;
			sourceTree = "<group>";
		};
		9BB6E2A825CC1B59009A6CCD /* DNA */ = {
			isa = PBXGroup;
			children = (
				9BB6E2A925CC1B6A009A6CCD /* SwiftUIFontsDemoView.swift */,
				9B86614625CD7AB40040F8CA /* ColorDemoView.swift */,
			);
			path = DNA;
			sourceTree = "<group>";
		};
		9BB6E2AD25CC1CD9009A6CCD /* Internal */ = {
			isa = PBXGroup;
			children = (
				9B78777825D68D9A00C69BB8 /* FontWeightPicker.swift */,
			);
			path = Internal;
			sourceTree = "<group>";
		};
		9BCEE85526035C83001C8692 /* Components */ = {
			isa = PBXGroup;
			children = (
				9B4083BB261DE66D00A3A718 /* ArticlePageView */,
				9B75EC43264B1D3C00B160EF /* EmptyStateView */,
				9B2E8063266649D8000A657D /* ErrorView */,
				9B4083B9261DE66D00A3A718 /* ExternalUrlView */,
				9B9D6D91261EF6E300450E67 /* GradientView */,
				9BCEE85626035CB2001C8692 /* InlineNoticeView */,
				9BA17B0E26666D2700BDAA9C /* LoadingView */,
				9BCEE85826035CB2001C8692 /* ProgressLineView */,
				2865CF58261EDB9A00D6433F /* RoundLoadingView */,
				9B4083B7261DE66D00A3A718 /* TopBarView */,
			);
			path = Components;
			sourceTree = "<group>";
		};
		9BCEE85626035CB2001C8692 /* InlineNoticeView */ = {
			isa = PBXGroup;
			children = (
				9BCEE85726035CB2001C8692 /* InlineNoticeDemoView.swift */,
			);
			path = InlineNoticeView;
			sourceTree = "<group>";
		};
		9BCEE85826035CB2001C8692 /* ProgressLineView */ = {
			isa = PBXGroup;
			children = (
				9BCEE85926035CB2001C8692 /* ProgressLineDemoView.swift */,
			);
			path = ProgressLineView;
			sourceTree = "<group>";
		};
/* End PBXGroup section */

/* Begin PBXNativeTarget section */
		9B2BFBD525B719AD00383193 /* DemoApp */ = {
			isa = PBXNativeTarget;
			buildConfigurationList = 9B2BFBE525B719AD00383193 /* Build configuration list for PBXNativeTarget "DemoApp" */;
			buildPhases = (
				9B2BFBD225B719AD00383193 /* Sources */,
				9B2BFBD325B719AD00383193 /* Frameworks */,
				9B2BFBD425B719AD00383193 /* Resources */,
				9B83387825D30FFB0083B6D1 /* Swiftlint */,
			);
			buildRules = (
			);
			dependencies = (
			);
			name = DemoApp;
			packageProductDependencies = (
				9B00E27225B9AE2600533641 /* SATSCore */,
			);
			productName = DemoApp;
			productReference = 9B2BFBD625B719AD00383193 /* DemoApp.app */;
			productType = "com.apple.product-type.application";
		};
/* End PBXNativeTarget section */

/* Begin PBXProject section */
		9B2BFBCE25B719AC00383193 /* Project object */ = {
			isa = PBXProject;
			attributes = {
				LastSwiftUpdateCheck = 1230;
				LastUpgradeCheck = 1230;
				TargetAttributes = {
					9B2BFBD525B719AD00383193 = {
						CreatedOnToolsVersion = 12.3;
					};
				};
			};
			buildConfigurationList = 9B2BFBD125B719AC00383193 /* Build configuration list for PBXProject "DemoApp" */;
			compatibilityVersion = "Xcode 9.3";
			developmentRegion = en;
			hasScannedForEncodings = 0;
			knownRegions = (
				en,
				Base,
			);
			mainGroup = 9B2BFBCD25B719AC00383193;
			productRefGroup = 9B2BFBD725B719AD00383193 /* Products */;
			projectDirPath = "";
			projectRoot = "";
			targets = (
				9B2BFBD525B719AD00383193 /* DemoApp */,
			);
		};
/* End PBXProject section */

/* Begin PBXResourcesBuildPhase section */
		9B2BFBD425B719AD00383193 /* Resources */ = {
			isa = PBXResourcesBuildPhase;
			buildActionMask = 2147483647;
			files = (
				9B2BFBE125B719AD00383193 /* Preview Assets.xcassets in Resources */,
				9B2BFBDE25B719AD00383193 /* Assets.xcassets in Resources */,
				9B00E29725B9D12900533641 /* Demo.xcassets in Resources */,
			);
			runOnlyForDeploymentPostprocessing = 0;
		};
/* End PBXResourcesBuildPhase section */

/* Begin PBXShellScriptBuildPhase section */
		9B83387825D30FFB0083B6D1 /* Swiftlint */ = {
			isa = PBXShellScriptBuildPhase;
			buildActionMask = 2147483647;
			files = (
			);
			inputFileListPaths = (
			);
			inputPaths = (
			);
			name = Swiftlint;
			outputFileListPaths = (
			);
			outputPaths = (
			);
			runOnlyForDeploymentPostprocessing = 0;
			shellPath = /bin/sh;
			shellScript = "if which swiftlint >/dev/null; then\n  swiftlint lint .. --config ../.swiftlint.yml\nelse\n  echo \"warning: SwiftLint not installed, download from https://github.com/realm/SwiftLint\"\nfi\n";
		};
/* End PBXShellScriptBuildPhase section */

/* Begin PBXSourcesBuildPhase section */
		9B2BFBD225B719AD00383193 /* Sources */ = {
			isa = PBXSourcesBuildPhase;
			buildActionMask = 2147483647;
			files = (
				9BFEDCC925CC1F780010A3F6 /* SATSButtonDemoView.swift in Sources */,
				9B4083BF261DE66D00A3A718 /* ArticlePageViewDemo.swift in Sources */,
				9B9D6D94261EF70500450E67 /* GradientDemoView.swift in Sources */,
				9B7A4D5225D2ADA30086EA4F /* SampleTopStoriesView.swift in Sources */,
				9B4083BE261DE66D00A3A718 /* ExternalUrlDemoView.swift in Sources */,
				9BA17B1026666D3600BDAA9C /* LoadingDemoView.swift in Sources */,
				9B4083BD261DE66D00A3A718 /* TopBarDemoView.swift in Sources */,
				9BCEE85B26035CB2001C8692 /* ProgressLineDemoView.swift in Sources */,
				9B7A4D6125D2B9C30086EA4F /* TreatmentsDemoView.swift in Sources */,
				9B2E8065266649E4000A657D /* ErrorDemoView.swift in Sources */,
				2865CF5A261EDB9A00D6433F /* RoundLoadingDemoView.swift in Sources */,
				9B7A4D5E25D2B42C0086EA4F /* UIKitDemoView.swift in Sources */,
				9BCEE85A26035CB2001C8692 /* InlineNoticeDemoView.swift in Sources */,
				9B78777925D68D9A00C69BB8 /* FontWeightPicker.swift in Sources */,
				9B7C576125B876C400A3C9A7 /* DemoWrapperView.swift in Sources */,
				9BB6E2AA25CC1B6A009A6CCD /* SwiftUIFontsDemoView.swift in Sources */,
				9B7C575D25B875C500A3C9A7 /* SATSLabelDemoView.swift in Sources */,
				9B57209126738EE200D12109 /* SATSButtonSwftUIDemoView.swift in Sources */,
				9B86614725CD7AB40040F8CA /* ColorDemoView.swift in Sources */,
				9B7A4D5025D2ADA30086EA4F /* DemoDiscoverView.swift in Sources */,
				9B75EC45264B1D5300B160EF /* EmptyStateDemoView.swift in Sources */,
				9B2BFBDC25B719AD00383193 /* ContentView.swift in Sources */,
				9B7A4D5325D2ADA30086EA4F /* ClassSampleView.swift in Sources */,
				9B2BFBDA25B719AD00383193 /* DemoAppApp.swift in Sources */,
				9B7A4D5725D2B03D0086EA4F /* HeaderView.swift in Sources */,
			);
			runOnlyForDeploymentPostprocessing = 0;
		};
/* End PBXSourcesBuildPhase section */

/* Begin XCBuildConfiguration section */
		9B2BFBE325B719AD00383193 /* Debug */ = {
			isa = XCBuildConfiguration;
			buildSettings = {
				ALWAYS_SEARCH_USER_PATHS = NO;
				CLANG_ANALYZER_NONNULL = YES;
				CLANG_ANALYZER_NUMBER_OBJECT_CONVERSION = YES_AGGRESSIVE;
				CLANG_CXX_LANGUAGE_STANDARD = "gnu++14";
				CLANG_CXX_LIBRARY = "libc++";
				CLANG_ENABLE_MODULES = YES;
				CLANG_ENABLE_OBJC_ARC = YES;
				CLANG_ENABLE_OBJC_WEAK = YES;
				CLANG_WARN_BLOCK_CAPTURE_AUTORELEASING = YES;
				CLANG_WARN_BOOL_CONVERSION = YES;
				CLANG_WARN_COMMA = YES;
				CLANG_WARN_CONSTANT_CONVERSION = YES;
				CLANG_WARN_DEPRECATED_OBJC_IMPLEMENTATIONS = YES;
				CLANG_WARN_DIRECT_OBJC_ISA_USAGE = YES_ERROR;
				CLANG_WARN_DOCUMENTATION_COMMENTS = YES;
				CLANG_WARN_EMPTY_BODY = YES;
				CLANG_WARN_ENUM_CONVERSION = YES;
				CLANG_WARN_INFINITE_RECURSION = YES;
				CLANG_WARN_INT_CONVERSION = YES;
				CLANG_WARN_NON_LITERAL_NULL_CONVERSION = YES;
				CLANG_WARN_OBJC_IMPLICIT_RETAIN_SELF = YES;
				CLANG_WARN_OBJC_LITERAL_CONVERSION = YES;
				CLANG_WARN_OBJC_ROOT_CLASS = YES_ERROR;
				CLANG_WARN_QUOTED_INCLUDE_IN_FRAMEWORK_HEADER = YES;
				CLANG_WARN_RANGE_LOOP_ANALYSIS = YES;
				CLANG_WARN_STRICT_PROTOTYPES = YES;
				CLANG_WARN_SUSPICIOUS_MOVE = YES;
				CLANG_WARN_UNGUARDED_AVAILABILITY = YES_AGGRESSIVE;
				CLANG_WARN_UNREACHABLE_CODE = YES;
				CLANG_WARN__DUPLICATE_METHOD_MATCH = YES;
				COPY_PHASE_STRIP = NO;
				DEBUG_INFORMATION_FORMAT = dwarf;
				ENABLE_STRICT_OBJC_MSGSEND = YES;
				ENABLE_TESTABILITY = YES;
				GCC_C_LANGUAGE_STANDARD = gnu11;
				GCC_DYNAMIC_NO_PIC = NO;
				GCC_NO_COMMON_BLOCKS = YES;
				GCC_OPTIMIZATION_LEVEL = 0;
				GCC_PREPROCESSOR_DEFINITIONS = (
					"DEBUG=1",
					"$(inherited)",
				);
				GCC_WARN_64_TO_32_BIT_CONVERSION = YES;
				GCC_WARN_ABOUT_RETURN_TYPE = YES_ERROR;
				GCC_WARN_UNDECLARED_SELECTOR = YES;
				GCC_WARN_UNINITIALIZED_AUTOS = YES_AGGRESSIVE;
				GCC_WARN_UNUSED_FUNCTION = YES;
				GCC_WARN_UNUSED_VARIABLE = YES;
				IPHONEOS_DEPLOYMENT_TARGET = 14.3;
				MTL_ENABLE_DEBUG_INFO = INCLUDE_SOURCE;
				MTL_FAST_MATH = YES;
				ONLY_ACTIVE_ARCH = YES;
				SDKROOT = iphoneos;
				SWIFT_ACTIVE_COMPILATION_CONDITIONS = DEBUG;
				SWIFT_OPTIMIZATION_LEVEL = "-Onone";
			};
			name = Debug;
		};
		9B2BFBE425B719AD00383193 /* Release */ = {
			isa = XCBuildConfiguration;
			buildSettings = {
				ALWAYS_SEARCH_USER_PATHS = NO;
				CLANG_ANALYZER_NONNULL = YES;
				CLANG_ANALYZER_NUMBER_OBJECT_CONVERSION = YES_AGGRESSIVE;
				CLANG_CXX_LANGUAGE_STANDARD = "gnu++14";
				CLANG_CXX_LIBRARY = "libc++";
				CLANG_ENABLE_MODULES = YES;
				CLANG_ENABLE_OBJC_ARC = YES;
				CLANG_ENABLE_OBJC_WEAK = YES;
				CLANG_WARN_BLOCK_CAPTURE_AUTORELEASING = YES;
				CLANG_WARN_BOOL_CONVERSION = YES;
				CLANG_WARN_COMMA = YES;
				CLANG_WARN_CONSTANT_CONVERSION = YES;
				CLANG_WARN_DEPRECATED_OBJC_IMPLEMENTATIONS = YES;
				CLANG_WARN_DIRECT_OBJC_ISA_USAGE = YES_ERROR;
				CLANG_WARN_DOCUMENTATION_COMMENTS = YES;
				CLANG_WARN_EMPTY_BODY = YES;
				CLANG_WARN_ENUM_CONVERSION = YES;
				CLANG_WARN_INFINITE_RECURSION = YES;
				CLANG_WARN_INT_CONVERSION = YES;
				CLANG_WARN_NON_LITERAL_NULL_CONVERSION = YES;
				CLANG_WARN_OBJC_IMPLICIT_RETAIN_SELF = YES;
				CLANG_WARN_OBJC_LITERAL_CONVERSION = YES;
				CLANG_WARN_OBJC_ROOT_CLASS = YES_ERROR;
				CLANG_WARN_QUOTED_INCLUDE_IN_FRAMEWORK_HEADER = YES;
				CLANG_WARN_RANGE_LOOP_ANALYSIS = YES;
				CLANG_WARN_STRICT_PROTOTYPES = YES;
				CLANG_WARN_SUSPICIOUS_MOVE = YES;
				CLANG_WARN_UNGUARDED_AVAILABILITY = YES_AGGRESSIVE;
				CLANG_WARN_UNREACHABLE_CODE = YES;
				CLANG_WARN__DUPLICATE_METHOD_MATCH = YES;
				COPY_PHASE_STRIP = NO;
				DEBUG_INFORMATION_FORMAT = "dwarf-with-dsym";
				ENABLE_NS_ASSERTIONS = NO;
				ENABLE_STRICT_OBJC_MSGSEND = YES;
				GCC_C_LANGUAGE_STANDARD = gnu11;
				GCC_NO_COMMON_BLOCKS = YES;
				GCC_WARN_64_TO_32_BIT_CONVERSION = YES;
				GCC_WARN_ABOUT_RETURN_TYPE = YES_ERROR;
				GCC_WARN_UNDECLARED_SELECTOR = YES;
				GCC_WARN_UNINITIALIZED_AUTOS = YES_AGGRESSIVE;
				GCC_WARN_UNUSED_FUNCTION = YES;
				GCC_WARN_UNUSED_VARIABLE = YES;
				IPHONEOS_DEPLOYMENT_TARGET = 14.3;
				MTL_ENABLE_DEBUG_INFO = NO;
				MTL_FAST_MATH = YES;
				SDKROOT = iphoneos;
				SWIFT_COMPILATION_MODE = wholemodule;
				SWIFT_OPTIMIZATION_LEVEL = "-O";
				VALIDATE_PRODUCT = YES;
			};
			name = Release;
		};
		9B2BFBE625B719AD00383193 /* Debug */ = {
			isa = XCBuildConfiguration;
			buildSettings = {
				ASSETCATALOG_COMPILER_APPICON_NAME = AppIcon;
				ASSETCATALOG_COMPILER_GLOBAL_ACCENT_COLOR_NAME = AccentColor;
				CODE_SIGN_IDENTITY = "iPhone Developer";
				CODE_SIGN_STYLE = Manual;
				DEVELOPMENT_ASSET_PATHS = "DemoApp/Assets/Preview\\ Content/Preview\\ Assets.xcassets";
				DEVELOPMENT_TEAM = 373P57N79N;
				ENABLE_PREVIEWS = YES;
				INFOPLIST_FILE = DemoApp/App/Info.plist;
				IPHONEOS_DEPLOYMENT_TARGET = 14.0;
				LD_RUNPATH_SEARCH_PATHS = (
					"$(inherited)",
					"@executable_path/Frameworks",
				);
				PRODUCT_BUNDLE_IDENTIFIER = "com.sats.satscore.demo-app";
				PRODUCT_NAME = "$(TARGET_NAME)";
				PROVISIONING_PROFILE_SPECIFIER = "SATS Core Demo Development";
				SWIFT_VERSION = 5.0;
				TARGETED_DEVICE_FAMILY = "1,2";
			};
			name = Debug;
		};
		9B2BFBE725B719AD00383193 /* Release */ = {
			isa = XCBuildConfiguration;
			buildSettings = {
				ASSETCATALOG_COMPILER_APPICON_NAME = AppIcon;
				ASSETCATALOG_COMPILER_GLOBAL_ACCENT_COLOR_NAME = AccentColor;
				CODE_SIGN_IDENTITY = "iPhone Distribution";
				CODE_SIGN_STYLE = Manual;
				DEVELOPMENT_ASSET_PATHS = "DemoApp/Assets/Preview\\ Content/Preview\\ Assets.xcassets";
				DEVELOPMENT_TEAM = 373P57N79N;
				ENABLE_PREVIEWS = YES;
				INFOPLIST_FILE = DemoApp/App/Info.plist;
				IPHONEOS_DEPLOYMENT_TARGET = 14.0;
				LD_RUNPATH_SEARCH_PATHS = (
					"$(inherited)",
					"@executable_path/Frameworks",
				);
				PRODUCT_BUNDLE_IDENTIFIER = "com.sats.satscore.demo-app";
				PRODUCT_NAME = "$(TARGET_NAME)";
				PROVISIONING_PROFILE_SPECIFIER = "SATS Core Demo Distribution";
				SWIFT_VERSION = 5.0;
				TARGETED_DEVICE_FAMILY = "1,2";
			};
			name = Release;
		};
/* End XCBuildConfiguration section */

/* Begin XCConfigurationList section */
		9B2BFBD125B719AC00383193 /* Build configuration list for PBXProject "DemoApp" */ = {
			isa = XCConfigurationList;
			buildConfigurations = (
				9B2BFBE325B719AD00383193 /* Debug */,
				9B2BFBE425B719AD00383193 /* Release */,
			);
			defaultConfigurationIsVisible = 0;
			defaultConfigurationName = Release;
		};
		9B2BFBE525B719AD00383193 /* Build configuration list for PBXNativeTarget "DemoApp" */ = {
			isa = XCConfigurationList;
			buildConfigurations = (
				9B2BFBE625B719AD00383193 /* Debug */,
				9B2BFBE725B719AD00383193 /* Release */,
			);
			defaultConfigurationIsVisible = 0;
			defaultConfigurationName = Release;
		};
/* End XCConfigurationList section */

/* Begin XCSwiftPackageProductDependency section */
		9B00E27225B9AE2600533641 /* SATSCore */ = {
			isa = XCSwiftPackageProductDependency;
			productName = SATSCore;
		};
/* End XCSwiftPackageProductDependency section */
	};
	rootObject = 9B2BFBCE25B719AC00383193 /* Project object */;
}
