{
  "pins" : [
    {
      "identity" : "satstype-ios",
      "kind" : "remoteSourceControl",
      "location" : "https://github.com/sats-group/SATSType-iOS.git",
      "state" : {
        "revision" : "863ec176aabe33b27678e1209d3a6eea9255ee05",
        "version" : "0.0.4"
      }
    }
  ],
  "version" : 2
}
